// !$*UTF8*$!
{
	archiveVersion = 1;
	classes = {
	};
	objectVersion = 46;
	objects = {

/* Begin PBXFileReference section */
		01A0001C1244F948004878C8 /* Main.cpp */ = {isa = PBXFileReference; fileEncoding = 4; lastKnownFileType = sourcecode.cpp.cpp; name = Main.cpp; path = Source/Main.cpp; sourceTree = "<group>"; };
		01A0001D1244F948004878C8 /* Main.h */ = {isa = PBXFileReference; fileEncoding = 4; lastKnownFileType = sourcecode.c.h; name = Main.h; path = Source/Main.h; sourceTree = "<group>"; };
		01A0001E1244F948004878C8 /* Ports.h */ = {isa = PBXFileReference; fileEncoding = 4; lastKnownFileType = sourcecode.c.h; name = Ports.h; path = Source/Ports.h; sourceTree = "<group>"; };
		01A000201244F954004878C8 /* System.h */ = {isa = PBXFileReference; fileEncoding = 4; lastKnownFileType = sourcecode.c.h; name = System.h; path = Source/System.h; sourceTree = "<group>"; };
		01A000211244F961004878C8 /* Makefile */ = {isa = PBXFileReference; fileEncoding = 4; lastKnownFileType = sourcecode.make; path = Makefile; sourceTree = "<group>"; };
		01A000241244F9BF004878C8 /* Serial_GraphicConnection.cpp */ = {isa = PBXFileReference; fileEncoding = 4; lastKnownFileType = sourcecode.cpp.cpp; path = Serial_GraphicConnection.cpp; sourceTree = "<group>"; };
		01A000251244F9BF004878C8 /* Serial_GraphicConnection.h */ = {isa = PBXFileReference; fileEncoding = 4; lastKnownFileType = sourcecode.c.h; path = Serial_GraphicConnection.h; sourceTree = "<group>"; };
		01E16B89245CA573002284D7 /* LCD.cpp */ = {isa = PBXFileReference; fileEncoding = 4; lastKnownFileType = sourcecode.cpp.cpp; path = LCD.cpp; sourceTree = "<group>"; };
		01E16B8C245CA573002284D7 /* LCD.h */ = {isa = PBXFileReference; fileEncoding = 4; lastKnownFileType = sourcecode.c.h; path = LCD.h; sourceTree = "<group>"; };
		01E16B8E245CA573002284D7 /* LCD_S6E63D6_Parallel.h */ = {isa = PBXFileReference; fileEncoding = 4; lastKnownFileType = sourcecode.c.h; path = LCD_S6E63D6_Parallel.h; sourceTree = "<group>"; };
		01E16B91245CA573002284D7 /* LCD_65K_RGB_Window.h */ = {isa = PBXFileReference; fileEncoding = 4; lastKnownFileType = sourcecode.c.h; path = LCD_65K_RGB_Window.h; sourceTree = "<group>"; };
		01E16B92245CA573002284D7 /* LCD_S6E63D6.cpp */ = {isa = PBXFileReference; fileEncoding = 4; lastKnownFileType = sourcecode.cpp.cpp; path = LCD_S6E63D6.cpp; sourceTree = "<group>"; };
		01E16B93245CA573002284D7 /* LCD_65K_RGB_Window.cpp */ = {isa = PBXFileReference; fileEncoding = 4; lastKnownFileType = sourcecode.cpp.cpp; path = LCD_65K_RGB_Window.cpp; sourceTree = "<group>"; };
		01E16B95245CA573002284D7 /* LCD_65K_RGB.cpp */ = {isa = PBXFileReference; fileEncoding = 4; lastKnownFileType = sourcecode.cpp.cpp; path = LCD_65K_RGB.cpp; sourceTree = "<group>"; };
		01E16B98245CA573002284D7 /* LCD_S6E63D6_Defines.h */ = {isa = PBXFileReference; fileEncoding = 4; lastKnownFileType = sourcecode.c.h; path = LCD_S6E63D6_Defines.h; sourceTree = "<group>"; };
		01E16B9C245CA573002284D7 /* LCD_65K_RGB.h */ = {isa = PBXFileReference; fileEncoding = 4; lastKnownFileType = sourcecode.c.h; path = LCD_65K_RGB.h; sourceTree = "<group>"; };
		01E16B9D245CA573002284D7 /* LCD_S6E63D6_Parallel.cpp */ = {isa = PBXFileReference; fileEncoding = 4; lastKnownFileType = sourcecode.cpp.cpp; path = LCD_S6E63D6_Parallel.cpp; sourceTree = "<group>"; };
		01E16BA0245CA573002284D7 /* LCD_S6E63D6.h */ = {isa = PBXFileReference; fileEncoding = 4; lastKnownFileType = sourcecode.c.h; path = LCD_S6E63D6.h; sourceTree = "<group>"; };
		01E16BA3245CA573002284D7 /* Font_Medium.cpp */ = {isa = PBXFileReference; fileEncoding = 4; lastKnownFileType = sourcecode.cpp.cpp; path = Font_Medium.cpp; sourceTree = "<group>"; };
		01E16BA4245CA573002284D7 /* Font_Type.h */ = {isa = PBXFileReference; fileEncoding = 4; lastKnownFileType = sourcecode.c.h; path = Font_Type.h; sourceTree = "<group>"; };
		01E16BA5245CA573002284D7 /* Font_Normal.h */ = {isa = PBXFileReference; fileEncoding = 4; lastKnownFileType = sourcecode.c.h; path = Font_Normal.h; sourceTree = "<group>"; };
		01E16BA6245CA573002284D7 /* Font_Micro.cpp */ = {isa = PBXFileReference; fileEncoding = 4; lastKnownFileType = sourcecode.cpp.cpp; path = Font_Micro.cpp; sourceTree = "<group>"; };
		01E16BA7245CA573002284D7 /* Font.cpp */ = {isa = PBXFileReference; fileEncoding = 4; lastKnownFileType = sourcecode.cpp.cpp; path = Font.cpp; sourceTree = "<group>"; };
		01E16BA9245CA573002284D7 /* Font_Mini.h */ = {isa = PBXFileReference; fileEncoding = 4; lastKnownFileType = sourcecode.c.h; path = Font_Mini.h; sourceTree = "<group>"; };
		01E16BAA245CA573002284D7 /* Font_Type.cpp */ = {isa = PBXFileReference; fileEncoding = 4; lastKnownFileType = sourcecode.cpp.cpp; path = Font_Type.cpp; sourceTree = "<group>"; };
		01E16BAB245CA573002284D7 /* Font_Micro.h */ = {isa = PBXFileReference; fileEncoding = 4; lastKnownFileType = sourcecode.c.h; path = Font_Micro.h; sourceTree = "<group>"; };
		01E16BAC245CA573002284D7 /* Font.h */ = {isa = PBXFileReference; fileEncoding = 4; lastKnownFileType = sourcecode.c.h; path = Font.h; sourceTree = "<group>"; };
		01E16BAE245CA573002284D7 /* Font_Normal.cpp */ = {isa = PBXFileReference; fileEncoding = 4; lastKnownFileType = sourcecode.cpp.cpp; path = Font_Normal.cpp; sourceTree = "<group>"; };
		01E16BAF245CA573002284D7 /* Font_Mini.cpp */ = {isa = PBXFileReference; fileEncoding = 4; lastKnownFileType = sourcecode.cpp.cpp; path = Font_Mini.cpp; sourceTree = "<group>"; };
		01E16BB0245CA573002284D7 /* Font_Medium.h */ = {isa = PBXFileReference; fileEncoding = 4; lastKnownFileType = sourcecode.c.h; path = Font_Medium.h; sourceTree = "<group>"; };
		01E16BB5245CA573002284D7 /* Serial_Connection.h */ = {isa = PBXFileReference; fileEncoding = 4; lastKnownFileType = sourcecode.c.h; path = Serial_Connection.h; sourceTree = "<group>"; };
		01E16BB6245CA573002284D7 /* Serial_Device.h */ = {isa = PBXFileReference; fileEncoding = 4; lastKnownFileType = sourcecode.c.h; path = Serial_Device.h; sourceTree = "<group>"; };
		01E16BB7245CA573002284D7 /* Serial_TypedConnection.h */ = {isa = PBXFileReference; fileEncoding = 4; lastKnownFileType = sourcecode.c.h; path = Serial_TypedConnection.h; sourceTree = "<group>"; };
		01E16BB8245CA573002284D7 /* Serial.h */ = {isa = PBXFileReference; fileEncoding = 4; lastKnownFileType = sourcecode.c.h; path = Serial.h; sourceTree = "<group>"; };
		01E16BB9245CA573002284D7 /* Serial_Protocol.h */ = {isa = PBXFileReference; fileEncoding = 4; lastKnownFileType = sourcecode.c.h; path = Serial_Protocol.h; sourceTree = "<group>"; };
		01E16BBB245CA5AC002284D7 /* Utility.h */ = {isa = PBXFileReference; lastKnownFileType = sourcecode.c.h; name = Utility.h; path = AVR/Source/Utility.h; sourceTree = SOURCE_ROOT; };
		01E16BBC245CA5AC002284D7 /* Utility.cpp */ = {isa = PBXFileReference; lastKnownFileType = sourcecode.cpp.cpp; name = Utility.cpp; path = AVR/Source/Utility.cpp; sourceTree = SOURCE_ROOT; };
/* End PBXFileReference section */

/* Begin PBXGroup section */
		01A000231244F9BF004878C8 /* Serial */ = {
			isa = PBXGroup;
			children = (
				01A000251244F9BF004878C8 /* Serial_GraphicConnection.h */,
				01A000241244F9BF004878C8 /* Serial_GraphicConnection.cpp */,
			);
			name = Serial;
			path = Source/Serial;
			sourceTree = "<group>";
		};
		01A0007B12452313004878C8 /* AVR */ = {
			isa = PBXGroup;
			children = (
				01E16B81245CA573002284D7 /* Source */,
			);
			name = AVR;
			sourceTree = "<group>";
		};
		01E16B81245CA573002284D7 /* Source */ = {
			isa = PBXGroup;
			children = (
				01E16BBB245CA5AC002284D7 /* Utility.h */,
				01E16BBC245CA5AC002284D7 /* Utility.cpp */,
				01E16BA2245CA573002284D7 /* Font */,
				01E16B86245CA573002284D7 /* LCD */,
				01E16BB4245CA573002284D7 /* Serial */,
			);
			name = Source;
			path = AVR/Source;
			sourceTree = "<group>";
		};
		01E16B86245CA573002284D7 /* LCD */ = {
			isa = PBXGroup;
			children = (
				01E16B8C245CA573002284D7 /* LCD.h */,
				01E16B89245CA573002284D7 /* LCD.cpp */,
				01E16B9C245CA573002284D7 /* LCD_65K_RGB.h */,
				01E16B95245CA573002284D7 /* LCD_65K_RGB.cpp */,
				01E16B91245CA573002284D7 /* LCD_65K_RGB_Window.h */,
				01E16B93245CA573002284D7 /* LCD_65K_RGB_Window.cpp */,
				01E16BA0245CA573002284D7 /* LCD_S6E63D6.h */,
				01E16B92245CA573002284D7 /* LCD_S6E63D6.cpp */,
				01E16B98245CA573002284D7 /* LCD_S6E63D6_Defines.h */,
				01E16B8E245CA573002284D7 /* LCD_S6E63D6_Parallel.h */,
				01E16B9D245CA573002284D7 /* LCD_S6E63D6_Parallel.cpp */,
			);
			path = LCD;
			sourceTree = "<group>";
		};
		01E16BA2245CA573002284D7 /* Font */ = {
			isa = PBXGroup;
			children = (
				01E16BAC245CA573002284D7 /* Font.h */,
				01E16BA7245CA573002284D7 /* Font.cpp */,
				01E16BA4245CA573002284D7 /* Font_Type.h */,
				01E16BAA245CA573002284D7 /* Font_Type.cpp */,
				01E16BB0245CA573002284D7 /* Font_Medium.h */,
				01E16BA3245CA573002284D7 /* Font_Medium.cpp */,
				01E16BAB245CA573002284D7 /* Font_Micro.h */,
				01E16BA6245CA573002284D7 /* Font_Micro.cpp */,
				01E16BA9245CA573002284D7 /* Font_Mini.h */,
				01E16BAF245CA573002284D7 /* Font_Mini.cpp */,
				01E16BA5245CA573002284D7 /* Font_Normal.h */,
				01E16BAE245CA573002284D7 /* Font_Normal.cpp */,
			);
			path = Font;
			sourceTree = "<group>";
		};
		01E16BB4245CA573002284D7 /* Serial */ = {
			isa = PBXGroup;
			children = (
				01E16BB8245CA573002284D7 /* Serial.h */,
				01E16BB5245CA573002284D7 /* Serial_Connection.h */,
				01E16BB6245CA573002284D7 /* Serial_Device.h */,
				01E16BB9245CA573002284D7 /* Serial_Protocol.h */,
				01E16BB7245CA573002284D7 /* Serial_TypedConnection.h */,
			);
			path = Serial;
			sourceTree = "<group>";
		};
		08FB7794FE84155DC02AAC07 /* hermesONE */ = {
			isa = PBXGroup;
			children = (
				01A000211244F961004878C8 /* Makefile */,
				08FB7795FE84155DC02AAC07 /* Source */,
				01A0007B12452313004878C8 /* AVR */,
				C6A0FF2B0290797F04C91782 /* Documentation */,
				1AB674ADFE9D54B511CA2CBB /* Products */,
			);
			name = hermesONE;
			sourceTree = "<group>";
		};
		08FB7795FE84155DC02AAC07 /* Source */ = {
			isa = PBXGroup;
			children = (
				01A0001D1244F948004878C8 /* Main.h */,
				01A0001C1244F948004878C8 /* Main.cpp */,
				01A0001E1244F948004878C8 /* Ports.h */,
				01A000201244F954004878C8 /* System.h */,
				01A000231244F9BF004878C8 /* Serial */,
			);
			name = Source;
			sourceTree = "<group>";
		};
		1AB674ADFE9D54B511CA2CBB /* Products */ = {
			isa = PBXGroup;
			children = (
			);
			name = Products;
			sourceTree = "<group>";
		};
		C6A0FF2B0290797F04C91782 /* Documentation */ = {
			isa = PBXGroup;
			children = (
			);
			name = Documentation;
			sourceTree = "<group>";
		};
/* End PBXGroup section */

/* Begin PBXLegacyTarget section */
		018FF80913E4CBFA0091389E /* build */ = {
			isa = PBXLegacyTarget;
			buildArgumentsString = "$(ACTION)";
			buildConfigurationList = 018FF81113E4CC0C0091389E /* Build configuration list for PBXLegacyTarget "build" */;
			buildPhases = (
			);
			buildToolPath = /usr/bin/make;
			buildWorkingDirectory = "";
			dependencies = (
			);
			name = build;
			passBuildSettingsInEnvironment = 1;
			productName = hermesONE;
		};
		018FF81A13E4CC7A0091389E /* program */ = {
			isa = PBXLegacyTarget;
			buildArgumentsString = "$(ACTION) program";
			buildConfigurationList = 018FF81D13E4CC930091389E /* Build configuration list for PBXLegacyTarget "program" */;
			buildPhases = (
			);
			buildToolPath = /usr/bin/make;
			dependencies = (
			);
			name = program;
			passBuildSettingsInEnvironment = 1;
			productName = program;
		};
		019E9DB01A533FFC004D971E /* clean */ = {
			isa = PBXLegacyTarget;
			buildArgumentsString = "$(ACTION) clean";
			buildConfigurationList = 019E9DB11A533FFC004D971E /* Build configuration list for PBXLegacyTarget "clean" */;
			buildPhases = (
			);
			buildToolPath = /usr/bin/make;
			buildWorkingDirectory = "";
			dependencies = (
			);
			name = clean;
			passBuildSettingsInEnvironment = 1;
			productName = program;
		};
/* End PBXLegacyTarget section */

/* Begin PBXProject section */
		08FB7793FE84155DC02AAC07 /* Project object */ = {
			isa = PBXProject;
			attributes = {
				LastUpgradeCheck = 1140;
				ORGANIZATIONNAME = "Peter Stegemann";
			};
			buildConfigurationList = 1DEB928908733DD80010E9CD /* Build configuration list for PBXProject "Oled" */;
			compatibilityVersion = "Xcode 3.2";
			developmentRegion = en;
			hasScannedForEncodings = 1;
			knownRegions = (
				en,
				Base,
			);
			mainGroup = 08FB7794FE84155DC02AAC07 /* hermesONE */;
			projectDirPath = "";
			projectRoot = "";
			targets = (
				018FF80913E4CBFA0091389E /* build */,
				018FF81A13E4CC7A0091389E /* program */,
				019E9DB01A533FFC004D971E /* clean */,
			);
		};
/* End PBXProject section */

/* Begin XCBuildConfiguration section */
		018FF84E13E4D24C0091389E /* Default */ = {
			isa = XCBuildConfiguration;
			buildSettings = {
				CLANG_ANALYZER_LOCALIZABILITY_NONLOCALIZED = YES;
				CLANG_WARN_BLOCK_CAPTURE_AUTORELEASING = YES;
				CLANG_WARN_BOOL_CONVERSION = YES;
				CLANG_WARN_COMMA = YES;
				CLANG_WARN_CONSTANT_CONVERSION = YES;
				CLANG_WARN_DEPRECATED_OBJC_IMPLEMENTATIONS = YES;
				CLANG_WARN_EMPTY_BODY = YES;
				CLANG_WARN_ENUM_CONVERSION = YES;
				CLANG_WARN_INFINITE_RECURSION = YES;
				CLANG_WARN_INT_CONVERSION = YES;
				CLANG_WARN_NON_LITERAL_NULL_CONVERSION = YES;
				CLANG_WARN_OBJC_IMPLICIT_RETAIN_SELF = YES;
				CLANG_WARN_OBJC_LITERAL_CONVERSION = YES;
				CLANG_WARN_RANGE_LOOP_ANALYSIS = YES;
				CLANG_WARN_STRICT_PROTOTYPES = YES;
				CLANG_WARN_SUSPICIOUS_MOVE = YES;
				CLANG_WARN_UNREACHABLE_CODE = YES;
				CLANG_WARN__DUPLICATE_METHOD_MATCH = YES;
				ENABLE_STRICT_OBJC_MSGSEND = YES;
				GCC_NO_COMMON_BLOCKS = YES;
				GCC_WARN_64_TO_32_BIT_CONVERSION = YES;
				GCC_WARN_ABOUT_RETURN_TYPE = YES;
				GCC_WARN_UNDECLARED_SELECTOR = YES;
				GCC_WARN_UNINITIALIZED_AUTOS = YES;
				GCC_WARN_UNUSED_FUNCTION = YES;
				GCC_WARN_UNUSED_VARIABLE = YES;
				PATH = "$(PATH):/usr/local/opt/avr-gcc@7/bin";
				SHARED_PRECOMPS_DIR = "";
				SYSTEM_VERSION = v1;
			};
			name = Default;
		};
		018FF84F13E4D24C0091389E /* Default */ = {
			isa = XCBuildConfiguration;
			buildSettings = {
				CLANG_ENABLE_OBJC_WEAK = YES;
				COMBINE_HIDPI_IMAGES = YES;
				COPY_PHASE_STRIP = YES;
				DEBUG_INFORMATION_FORMAT = "dwarf-with-dsym";
				LDFLAGS = "-L/usr/local/opt/avr-gcc@7/lib";
				PATH = "$(PATH):/usr/local/opt/avr-gcc@7/bin";
				PRODUCT_NAME = hermesONE;
				ZERO_LINK = NO;
			};
			name = Default;
		};
		018FF85013E4D24C0091389E /* Default */ = {
			isa = XCBuildConfiguration;
			buildSettings = {
				CLANG_ENABLE_OBJC_WEAK = YES;
				COMBINE_HIDPI_IMAGES = YES;
				COPY_PHASE_STRIP = YES;
				DEBUG_INFORMATION_FORMAT = "dwarf-with-dsym";
				PRODUCT_NAME = program;
				ZERO_LINK = NO;
			};
			name = Default;
		};
		019E9DB21A533FFC004D971E /* Default */ = {
			isa = XCBuildConfiguration;
			buildSettings = {
				CLANG_ENABLE_OBJC_WEAK = YES;
				COMBINE_HIDPI_IMAGES = YES;
				COPY_PHASE_STRIP = YES;
				DEBUG_INFORMATION_FORMAT = "dwarf-with-dsym";
				PRODUCT_NAME = clean;
				ZERO_LINK = NO;
			};
			name = Default;
		};
/* End XCBuildConfiguration section */

/* Begin XCConfigurationList section */
		018FF81113E4CC0C0091389E /* Build configuration list for PBXLegacyTarget "build" */ = {
			isa = XCConfigurationList;
			buildConfigurations = (
				018FF84F13E4D24C0091389E /* Default */,
			);
			defaultConfigurationIsVisible = 0;
			defaultConfigurationName = Default;
		};
		018FF81D13E4CC930091389E /* Build configuration list for PBXLegacyTarget "program" */ = {
			isa = XCConfigurationList;
			buildConfigurations = (
				018FF85013E4D24C0091389E /* Default */,
			);
			defaultConfigurationIsVisible = 0;
			defaultConfigurationName = Default;
		};
		019E9DB11A533FFC004D971E /* Build configuration list for PBXLegacyTarget "clean" */ = {
			isa = XCConfigurationList;
			buildConfigurations = (
				019E9DB21A533FFC004D971E /* Default */,
			);
			defaultConfigurationIsVisible = 0;
			defaultConfigurationName = Default;
		};
		1DEB928908733DD80010E9CD /* Build configuration list for PBXProject "Oled" */ = {
			isa = XCConfigurationList;
			buildConfigurations = (
				018FF84E13E4D24C0091389E /* Default */,
			);
			defaultConfigurationIsVisible = 0;
			defaultConfigurationName = Default;
		};
/* End XCConfigurationList section */
	};
	rootObject = 08FB7793FE84155DC02AAC07 /* Project object */;
}
